
Microsoft Visual Studio Solution File, Format Version 12.00
# Visual Studio Version 17
VisualStudioVersion = 17.4.33213.308
MinimumVisualStudioVersion = 10.0.40219.1
Project("{FAE04EC0-301F-11D3-BF4B-00C04F79EFBC}") = "RagnaTourXUnitTest", "RagnaTourXUnitTest\RagnaTourXUnitTest.csproj", "{C727386E-FB4C-4FE9-8D5D-96B422D9C0F4}"
EndProject
Global
	GlobalSection(SolutionConfigurationPlatforms) = preSolution
		Debug|Any CPU = Debug|Any CPU
		Release|Any CPU = Release|Any CPU
	EndGlobalSection
	GlobalSection(ProjectConfigurationPlatforms) = postSolution
		{C727386E-FB4C-4FE9-8D5D-96B422D9C0F4}.Debug|Any CPU.ActiveCfg = Debug|Any CPU
		{C727386E-FB4C-4FE9-8D5D-96B422D9C0F4}.Debug|Any CPU.Build.0 = Debug|Any CPU
		{C727386E-FB4C-4FE9-8D5D-96B422D9C0F4}.Release|Any CPU.ActiveCfg = Release|Any CPU
		{C727386E-FB4C-4FE9-8D5D-96B422D9C0F4}.Release|Any CPU.Build.0 = Release|Any CPU
	EndGlobalSection
	GlobalSection(SolutionProperties) = preSolution
		HideSolutionNode = FALSE
	EndGlobalSection
	GlobalSection(ExtensibilityGlobals) = postSolution
		SolutionGuid = {74E02C7B-7DF7-4EBF-B2D5-47534606E5F0}
	EndGlobalSection
EndGlobal
